
Microsoft Visual Studio Solution File, Format Version 12.00
# Visual Studio Version 17
VisualStudioVersion = 17.14.36221.1 d17.14
MinimumVisualStudioVersion = 10.0.40219.1
Project("{FAE04EC0-301F-11D3-BF4B-00C04F79EFBC}") = "ENT-Clinic-System", "ENT-Clinic-System\ENT-Clinic-System.csproj", "{3C6D177A-DD9F-4758-8305-7499F9878251}"
EndProject
Global
	GlobalSection(SolutionConfigurationPlatforms) = preSolution
		Debug|Any CPU = Debug|Any CPU
		Release|Any CPU = Release|Any CPU
	EndGlobalSection
	GlobalSection(ProjectConfigurationPlatforms) = postSolution
		{3C6D177A-DD9F-4758-8305-7499F9878251}.Debug|Any CPU.ActiveCfg = Debug|Any CPU
		{3C6D177A-DD9F-4758-8305-7499F9878251}.Debug|Any CPU.Build.0 = Debug|Any CPU
		{3C6D177A-DD9F-4758-8305-7499F9878251}.Release|Any CPU.ActiveCfg = Release|Any CPU
		{3C6D177A-DD9F-4758-8305-7499F9878251}.Release|Any CPU.Build.0 = Release|Any CPU
	EndGlobalSection
	GlobalSection(SolutionProperties) = preSolution
		HideSolutionNode = FALSE
	EndGlobalSection
	GlobalSection(ExtensibilityGlobals) = postSolution
		SolutionGuid = {E9166CAB-54D1-4170-89CA-641D82919499}
	EndGlobalSection
EndGlobal
